
Microsoft Visual Studio Solution File, Format Version 12.00
# Visual Studio Version 17
VisualStudioVersion = 17.0.32002.185
MinimumVisualStudioVersion = 10.0.40219.1
Project("{FAE04EC0-301F-11D3-BF4B-00C04F79EFBC}") = "CIS", "Services\CIS.csproj", "{E4D15FD4-A668-4BC3-9FCA-A008214B5B0F}"
EndProject
Project("{FAE04EC0-301F-11D3-BF4B-00C04F79EFBC}") = "CIS_API", "CIS_API\CIS_API.csproj", "{6E78C20A-0052-4546-B3E1-A6A44E75515C}"
	ProjectSection(ProjectDependencies) = postProject
		{E4D15FD4-A668-4BC3-9FCA-A008214B5B0F} = {E4D15FD4-A668-4BC3-9FCA-A008214B5B0F}
	EndProjectSection
EndProject
Global
	GlobalSection(SolutionConfigurationPlatforms) = preSolution
		Debug|Any CPU = Debug|Any CPU
		Release|Any CPU = Release|Any CPU
	EndGlobalSection
	GlobalSection(ProjectConfigurationPlatforms) = postSolution
		{E4D15FD4-A668-4BC3-9FCA-A008214B5B0F}.Debug|Any CPU.ActiveCfg = Debug|Any CPU
		{E4D15FD4-A668-4BC3-9FCA-A008214B5B0F}.Debug|Any CPU.Build.0 = Debug|Any CPU
		{E4D15FD4-A668-4BC3-9FCA-A008214B5B0F}.Release|Any CPU.ActiveCfg = Release|Any CPU
		{E4D15FD4-A668-4BC3-9FCA-A008214B5B0F}.Release|Any CPU.Build.0 = Release|Any CPU
		{6E78C20A-0052-4546-B3E1-A6A44E75515C}.Debug|Any CPU.ActiveCfg = Debug|Any CPU
		{6E78C20A-0052-4546-B3E1-A6A44E75515C}.Debug|Any CPU.Build.0 = Debug|Any CPU
		{6E78C20A-0052-4546-B3E1-A6A44E75515C}.Release|Any CPU.ActiveCfg = Release|Any CPU
		{6E78C20A-0052-4546-B3E1-A6A44E75515C}.Release|Any CPU.Build.0 = Release|Any CPU
	EndGlobalSection
	GlobalSection(SolutionProperties) = preSolution
		HideSolutionNode = FALSE
	EndGlobalSection
	GlobalSection(ExtensibilityGlobals) = postSolution
		SolutionGuid = {C96DF770-DB53-48C6-A353-E6D32B593649}
	EndGlobalSection
EndGlobal
